
Microsoft Visual Studio Solution File, Format Version 12.00
# Visual Studio Version 16
VisualStudioVersion = 16.0.29403.142
MinimumVisualStudioVersion = 10.0.40219.1
Project("{FAE04EC0-301F-11D3-BF4B-00C04F79EFBC}") = "PizzariaUnibrasa", "PizzariaUnibrasa\PizzariaUnibrasa.csproj", "{4E9DBD68-6619-4084-8664-003ED97FCB1D}"
EndProject
Global
	GlobalSection(SolutionConfigurationPlatforms) = preSolution
		Debug|Any CPU = Debug|Any CPU
		Release|Any CPU = Release|Any CPU
	EndGlobalSection
	GlobalSection(ProjectConfigurationPlatforms) = postSolution
		{4E9DBD68-6619-4084-8664-003ED97FCB1D}.Debug|Any CPU.ActiveCfg = Debug|Any CPU
		{4E9DBD68-6619-4084-8664-003ED97FCB1D}.Debug|Any CPU.Build.0 = Debug|Any CPU
		{4E9DBD68-6619-4084-8664-003ED97FCB1D}.Release|Any CPU.ActiveCfg = Release|Any CPU
		{4E9DBD68-6619-4084-8664-003ED97FCB1D}.Release|Any CPU.Build.0 = Release|Any CPU
	EndGlobalSection
	GlobalSection(SolutionProperties) = preSolution
		HideSolutionNode = FALSE
	EndGlobalSection
	GlobalSection(ExtensibilityGlobals) = postSolution
		SolutionGuid = {55472698-9EA3-412E-91DE-411B6943AA78}
	EndGlobalSection
EndGlobal
